
Microsoft Visual Studio Solution File, Format Version 12.00
# Visual Studio 15
VisualStudioVersion = 15.0.27703.2018
MinimumVisualStudioVersion = 10.0.40219.1
Project("{FAE04EC0-301F-11D3-BF4B-00C04F79EFBC}") = "TestLinkr", "TestLinkr\TestLinkr.csproj", "{12C89DF2-E98A-43DA-8015-E5F5A2106520}"
EndProject
Global
	GlobalSection(SolutionConfigurationPlatforms) = preSolution
		Debug|Any CPU = Debug|Any CPU
		Release|Any CPU = Release|Any CPU
	EndGlobalSection
	GlobalSection(ProjectConfigurationPlatforms) = postSolution
		{12C89DF2-E98A-43DA-8015-E5F5A2106520}.Debug|Any CPU.ActiveCfg = Debug|Any CPU
		{12C89DF2-E98A-43DA-8015-E5F5A2106520}.Debug|Any CPU.Build.0 = Debug|Any CPU
		{12C89DF2-E98A-43DA-8015-E5F5A2106520}.Release|Any CPU.ActiveCfg = Release|Any CPU
		{12C89DF2-E98A-43DA-8015-E5F5A2106520}.Release|Any CPU.Build.0 = Release|Any CPU
	EndGlobalSection
	GlobalSection(SolutionProperties) = preSolution
		HideSolutionNode = FALSE
	EndGlobalSection
	GlobalSection(ExtensibilityGlobals) = postSolution
		SolutionGuid = {0D741D05-35FA-4A92-B6A8-2E239FFC798B}
	EndGlobalSection
EndGlobal
